
Microsoft Visual Studio Solution File, Format Version 12.00
# Visual Studio Version 16
VisualStudioVersion = 16.0.31205.134
MinimumVisualStudioVersion = 10.0.40219.1
Project("{FAE04EC0-301F-11D3-BF4B-00C04F79EFBC}") = "Prezentacja", "Prezentacja\Prezentacja.csproj", "{E4D6084D-4E96-4E74-9142-1DC8155CB61E}"
EndProject
Project("{9A19103F-16F7-4668-BE54-9A1E7A4F7556}") = "SerwerData", "Data\SerwerData.csproj", "{A3CE7022-DD93-4782-8CDC-7162EA2200B6}"
EndProject
Project("{FAE04EC0-301F-11D3-BF4B-00C04F79EFBC}") = "DataUnitTests", "DataUnitTests\DataUnitTests.csproj", "{A1925FA4-933E-4983-96AD-2F41FDEF091A}"
EndProject
Project("{FAE04EC0-301F-11D3-BF4B-00C04F79EFBC}") = "LogicUnitTests", "LogicUnitTests\LogicUnitTests.csproj", "{71B201A8-8C11-4E02-A6FE-E8FD7B26A296}"
EndProject
Project("{9A19103F-16F7-4668-BE54-9A1E7A4F7556}") = "SerwerLogic", "SerwerLogic\SerwerLogic.csproj", "{D6D1C010-DFBA-4613-ADA7-2FCA0A08447A}"
EndProject
Project("{FAE04EC0-301F-11D3-BF4B-00C04F79EFBC}") = "ServerConnect", "ServerConnect\ServerConnect.csproj", "{6EBEA023-E966-4B62-87D6-64FC2643F111}"
EndProject
Project("{FAE04EC0-301F-11D3-BF4B-00C04F79EFBC}") = "SerwerDataUnitTests", "SerwerDataUnitTests\SerwerDataUnitTests.csproj", "{4451FE05-2D52-4E94-BC84-F6FAD9560285}"
EndProject
Project("{FAE04EC0-301F-11D3-BF4B-00C04F79EFBC}") = "SerwerLogicUnitTest", "SerwerLogicUnitTest\SerwerLogicUnitTest.csproj", "{C2BE3042-E818-470C-9563-C9A53E9404B9}"
EndProject
Project("{FAE04EC0-301F-11D3-BF4B-00C04F79EFBC}") = "KlientData", "KlientData\KlientData.csproj", "{E5B0C434-E7AE-4CD3-ABB6-EAC2D5EC0141}"
EndProject
Project("{FAE04EC0-301F-11D3-BF4B-00C04F79EFBC}") = "KlientLogic", "KlientLogic\KlientLogic.csproj", "{F7BFFEFF-BF46-49EA-90A5-9EA6864B227C}"
EndProject
Global
	GlobalSection(SolutionConfigurationPlatforms) = preSolution
		Debug|Any CPU = Debug|Any CPU
		Release|Any CPU = Release|Any CPU
	EndGlobalSection
	GlobalSection(ProjectConfigurationPlatforms) = postSolution
		{E4D6084D-4E96-4E74-9142-1DC8155CB61E}.Debug|Any CPU.ActiveCfg = Debug|Any CPU
		{E4D6084D-4E96-4E74-9142-1DC8155CB61E}.Debug|Any CPU.Build.0 = Debug|Any CPU
		{E4D6084D-4E96-4E74-9142-1DC8155CB61E}.Release|Any CPU.ActiveCfg = Release|Any CPU
		{E4D6084D-4E96-4E74-9142-1DC8155CB61E}.Release|Any CPU.Build.0 = Release|Any CPU
		{A3CE7022-DD93-4782-8CDC-7162EA2200B6}.Debug|Any CPU.ActiveCfg = Debug|Any CPU
		{A3CE7022-DD93-4782-8CDC-7162EA2200B6}.Debug|Any CPU.Build.0 = Debug|Any CPU
		{A3CE7022-DD93-4782-8CDC-7162EA2200B6}.Release|Any CPU.ActiveCfg = Release|Any CPU
		{A3CE7022-DD93-4782-8CDC-7162EA2200B6}.Release|Any CPU.Build.0 = Release|Any CPU
		{A1925FA4-933E-4983-96AD-2F41FDEF091A}.Debug|Any CPU.ActiveCfg = Debug|Any CPU
		{A1925FA4-933E-4983-96AD-2F41FDEF091A}.Debug|Any CPU.Build.0 = Debug|Any CPU
		{A1925FA4-933E-4983-96AD-2F41FDEF091A}.Release|Any CPU.ActiveCfg = Release|Any CPU
		{A1925FA4-933E-4983-96AD-2F41FDEF091A}.Release|Any CPU.Build.0 = Release|Any CPU
		{71B201A8-8C11-4E02-A6FE-E8FD7B26A296}.Debug|Any CPU.ActiveCfg = Debug|Any CPU
		{71B201A8-8C11-4E02-A6FE-E8FD7B26A296}.Debug|Any CPU.Build.0 = Debug|Any CPU
		{71B201A8-8C11-4E02-A6FE-E8FD7B26A296}.Release|Any CPU.ActiveCfg = Release|Any CPU
		{71B201A8-8C11-4E02-A6FE-E8FD7B26A296}.Release|Any CPU.Build.0 = Release|Any CPU
		{D6D1C010-DFBA-4613-ADA7-2FCA0A08447A}.Debug|Any CPU.ActiveCfg = Debug|Any CPU
		{D6D1C010-DFBA-4613-ADA7-2FCA0A08447A}.Debug|Any CPU.Build.0 = Debug|Any CPU
		{D6D1C010-DFBA-4613-ADA7-2FCA0A08447A}.Release|Any CPU.ActiveCfg = Release|Any CPU
		{D6D1C010-DFBA-4613-ADA7-2FCA0A08447A}.Release|Any CPU.Build.0 = Release|Any CPU
		{6EBEA023-E966-4B62-87D6-64FC2643F111}.Debug|Any CPU.ActiveCfg = Debug|Any CPU
		{6EBEA023-E966-4B62-87D6-64FC2643F111}.Debug|Any CPU.Build.0 = Debug|Any CPU
		{6EBEA023-E966-4B62-87D6-64FC2643F111}.Release|Any CPU.ActiveCfg = Release|Any CPU
		{6EBEA023-E966-4B62-87D6-64FC2643F111}.Release|Any CPU.Build.0 = Release|Any CPU
		{4451FE05-2D52-4E94-BC84-F6FAD9560285}.Debug|Any CPU.ActiveCfg = Debug|Any CPU
		{4451FE05-2D52-4E94-BC84-F6FAD9560285}.Debug|Any CPU.Build.0 = Debug|Any CPU
		{4451FE05-2D52-4E94-BC84-F6FAD9560285}.Release|Any CPU.ActiveCfg = Release|Any CPU
		{4451FE05-2D52-4E94-BC84-F6FAD9560285}.Release|Any CPU.Build.0 = Release|Any CPU
		{C2BE3042-E818-470C-9563-C9A53E9404B9}.Debug|Any CPU.ActiveCfg = Debug|Any CPU
		{C2BE3042-E818-470C-9563-C9A53E9404B9}.Debug|Any CPU.Build.0 = Debug|Any CPU
		{C2BE3042-E818-470C-9563-C9A53E9404B9}.Release|Any CPU.ActiveCfg = Release|Any CPU
		{C2BE3042-E818-470C-9563-C9A53E9404B9}.Release|Any CPU.Build.0 = Release|Any CPU
		{E5B0C434-E7AE-4CD3-ABB6-EAC2D5EC0141}.Debug|Any CPU.ActiveCfg = Debug|Any CPU
		{E5B0C434-E7AE-4CD3-ABB6-EAC2D5EC0141}.Debug|Any CPU.Build.0 = Debug|Any CPU
		{E5B0C434-E7AE-4CD3-ABB6-EAC2D5EC0141}.Release|Any CPU.ActiveCfg = Release|Any CPU
		{E5B0C434-E7AE-4CD3-ABB6-EAC2D5EC0141}.Release|Any CPU.Build.0 = Release|Any CPU
		{F7BFFEFF-BF46-49EA-90A5-9EA6864B227C}.Debug|Any CPU.ActiveCfg = Debug|Any CPU
		{F7BFFEFF-BF46-49EA-90A5-9EA6864B227C}.Debug|Any CPU.Build.0 = Debug|Any CPU
		{F7BFFEFF-BF46-49EA-90A5-9EA6864B227C}.Release|Any CPU.ActiveCfg = Release|Any CPU
		{F7BFFEFF-BF46-49EA-90A5-9EA6864B227C}.Release|Any CPU.Build.0 = Release|Any CPU
	EndGlobalSection
	GlobalSection(SolutionProperties) = preSolution
		HideSolutionNode = FALSE
	EndGlobalSection
	GlobalSection(ExtensibilityGlobals) = postSolution
		SolutionGuid = {8B7AA112-E17C-4B08-BD65-7CB9D10B7107}
	EndGlobalSection
EndGlobal
